
Microsoft Visual Studio Solution File, Format Version 12.00
# Visual Studio 15
VisualStudioVersion = 15.0.27004.2005
MinimumVisualStudioVersion = 10.0.40219.1
Project("{8BC9CEB8-8B4A-11D0-8D11-00A0C91BC942}") = "cnuw_33", "cnuw_33\cnuw_33.vcxproj", "{666C8803-3F13-4B64-A1DF-890BB792B1E0}"
EndProject
Global
	GlobalSection(SolutionConfigurationPlatforms) = preSolution
		Debug|x64 = Debug|x64
		Debug|x86 = Debug|x86
		Release|x64 = Release|x64
		Release|x86 = Release|x86
	EndGlobalSection
	GlobalSection(ProjectConfigurationPlatforms) = postSolution
		{666C8803-3F13-4B64-A1DF-890BB792B1E0}.Debug|x64.ActiveCfg = Debug|x64
		{666C8803-3F13-4B64-A1DF-890BB792B1E0}.Debug|x64.Build.0 = Debug|x64
		{666C8803-3F13-4B64-A1DF-890BB792B1E0}.Debug|x86.ActiveCfg = Debug|Win32
		{666C8803-3F13-4B64-A1DF-890BB792B1E0}.Debug|x86.Build.0 = Debug|Win32
		{666C8803-3F13-4B64-A1DF-890BB792B1E0}.Release|x64.ActiveCfg = Release|x64
		{666C8803-3F13-4B64-A1DF-890BB792B1E0}.Release|x64.Build.0 = Release|x64
		{666C8803-3F13-4B64-A1DF-890BB792B1E0}.Release|x86.ActiveCfg = Release|Win32
		{666C8803-3F13-4B64-A1DF-890BB792B1E0}.Release|x86.Build.0 = Release|Win32
	EndGlobalSection
	GlobalSection(SolutionProperties) = preSolution
		HideSolutionNode = FALSE
	EndGlobalSection
	GlobalSection(ExtensibilityGlobals) = postSolution
		SolutionGuid = {F763B119-DFE7-4B51-B138-C3755D0B4947}
	EndGlobalSection
EndGlobal
